
Microsoft Visual Studio Solution File, Format Version 12.00
# Visual Studio Version 16
VisualStudioVersion = 16.0.29209.62
MinimumVisualStudioVersion = 10.0.40219.1
Project("{FAE04EC0-301F-11D3-BF4B-00C04F79EFBC}") = "Faculdade.UI.Dos", "Dos.UI\Faculdade.UI.Dos.csproj", "{B7663DD0-2F9A-4F70-BC8F-C5DA662BE77A}"
EndProject
Project("{FAE04EC0-301F-11D3-BF4B-00C04F79EFBC}") = "Faculdade.UI.Web", "Faculdade.UI.Web\Faculdade.UI.Web.csproj", "{A2C2C978-56A0-4221-86BA-5F09296611D4}"
EndProject
Project("{FAE04EC0-301F-11D3-BF4B-00C04F79EFBC}") = "Faculdade.ADO", "Faculdade.ADO\Faculdade.ADO.csproj", "{0950743C-630F-4C97-9470-E36C6EEFA42C}"
EndProject
Project("{FAE04EC0-301F-11D3-BF4B-00C04F79EFBC}") = "Faculdade.Dominio", "Faculdade.Dominio\Faculdade.Dominio.csproj", "{C009725A-D260-49DC-8463-AEC448F64932}"
EndProject
Project("{FAE04EC0-301F-11D3-BF4B-00C04F79EFBC}") = "Faculdade.Entity", "Faculdade.Entity\Faculdade.Entity.csproj", "{498005E0-A398-4847-ABDC-1AE1EBCB78AA}"
EndProject
Project("{FAE04EC0-301F-11D3-BF4B-00C04F79EFBC}") = "Faculdade.Applications", "Faculdade.Applications\Faculdade.Applications.csproj", "{FEF31800-475C-4E90-8189-EE37C35621E8}"
EndProject
Global
	GlobalSection(SolutionConfigurationPlatforms) = preSolution
		Debug|Any CPU = Debug|Any CPU
		Release|Any CPU = Release|Any CPU
	EndGlobalSection
	GlobalSection(ProjectConfigurationPlatforms) = postSolution
		{B7663DD0-2F9A-4F70-BC8F-C5DA662BE77A}.Debug|Any CPU.ActiveCfg = Debug|Any CPU
		{B7663DD0-2F9A-4F70-BC8F-C5DA662BE77A}.Debug|Any CPU.Build.0 = Debug|Any CPU
		{B7663DD0-2F9A-4F70-BC8F-C5DA662BE77A}.Release|Any CPU.ActiveCfg = Release|Any CPU
		{B7663DD0-2F9A-4F70-BC8F-C5DA662BE77A}.Release|Any CPU.Build.0 = Release|Any CPU
		{A2C2C978-56A0-4221-86BA-5F09296611D4}.Debug|Any CPU.ActiveCfg = Debug|Any CPU
		{A2C2C978-56A0-4221-86BA-5F09296611D4}.Debug|Any CPU.Build.0 = Debug|Any CPU
		{A2C2C978-56A0-4221-86BA-5F09296611D4}.Release|Any CPU.ActiveCfg = Release|Any CPU
		{A2C2C978-56A0-4221-86BA-5F09296611D4}.Release|Any CPU.Build.0 = Release|Any CPU
		{0950743C-630F-4C97-9470-E36C6EEFA42C}.Debug|Any CPU.ActiveCfg = Debug|Any CPU
		{0950743C-630F-4C97-9470-E36C6EEFA42C}.Debug|Any CPU.Build.0 = Debug|Any CPU
		{0950743C-630F-4C97-9470-E36C6EEFA42C}.Release|Any CPU.ActiveCfg = Release|Any CPU
		{0950743C-630F-4C97-9470-E36C6EEFA42C}.Release|Any CPU.Build.0 = Release|Any CPU
		{C009725A-D260-49DC-8463-AEC448F64932}.Debug|Any CPU.ActiveCfg = Debug|Any CPU
		{C009725A-D260-49DC-8463-AEC448F64932}.Debug|Any CPU.Build.0 = Debug|Any CPU
		{C009725A-D260-49DC-8463-AEC448F64932}.Release|Any CPU.ActiveCfg = Release|Any CPU
		{C009725A-D260-49DC-8463-AEC448F64932}.Release|Any CPU.Build.0 = Release|Any CPU
		{498005E0-A398-4847-ABDC-1AE1EBCB78AA}.Debug|Any CPU.ActiveCfg = Debug|Any CPU
		{498005E0-A398-4847-ABDC-1AE1EBCB78AA}.Debug|Any CPU.Build.0 = Debug|Any CPU
		{498005E0-A398-4847-ABDC-1AE1EBCB78AA}.Release|Any CPU.ActiveCfg = Release|Any CPU
		{498005E0-A398-4847-ABDC-1AE1EBCB78AA}.Release|Any CPU.Build.0 = Release|Any CPU
		{FEF31800-475C-4E90-8189-EE37C35621E8}.Debug|Any CPU.ActiveCfg = Debug|Any CPU
		{FEF31800-475C-4E90-8189-EE37C35621E8}.Debug|Any CPU.Build.0 = Debug|Any CPU
		{FEF31800-475C-4E90-8189-EE37C35621E8}.Release|Any CPU.ActiveCfg = Release|Any CPU
		{FEF31800-475C-4E90-8189-EE37C35621E8}.Release|Any CPU.Build.0 = Release|Any CPU
	EndGlobalSection
	GlobalSection(SolutionProperties) = preSolution
		HideSolutionNode = FALSE
	EndGlobalSection
	GlobalSection(ExtensibilityGlobals) = postSolution
		SolutionGuid = {05487106-2039-4712-8426-AD7764E29841}
	EndGlobalSection
EndGlobal
